// !$*UTF8*$!
{
	archiveVersion = 1;
	classes = {
	};
	objectVersion = 56;
	objects = {

/* Begin PBXBuildFile section */
		D0178D2D29FA816B00C5ABA6 /* AppDelegate.swift in Sources */ = {isa = PBXBuildFile; fileRef = D0178D2C29FA816B00C5ABA6 /* AppDelegate.swift */; };
		D0178D2F29FA816B00C5ABA6 /* SceneDelegate.swift in Sources */ = {isa = PBXBuildFile; fileRef = D0178D2E29FA816B00C5ABA6 /* SceneDelegate.swift */; };
		D0178D3129FA816B00C5ABA6 /* ViewController.swift in Sources */ = {isa = PBXBuildFile; fileRef = D0178D3029FA816B00C5ABA6 /* ViewController.swift */; };
		D0178D3429FA816B00C5ABA6 /* Main.storyboard in Resources */ = {isa = PBXBuildFile; fileRef = D0178D3229FA816B00C5ABA6 /* Main.storyboard */; };
		D0178D3729FA816B00C5ABA6 /* iOS_Mobile_Lesson.xcdatamodeld in Sources */ = {isa = PBXBuildFile; fileRef = D0178D3529FA816B00C5ABA6 /* iOS_Mobile_Lesson.xcdatamodeld */; };
		D0178D3929FA816F00C5ABA6 /* Assets.xcassets in Resources */ = {isa = PBXBuildFile; fileRef = D0178D3829FA816F00C5ABA6 /* Assets.xcassets */; };
		D0178D3C29FA816F00C5ABA6 /* LaunchScreen.storyboard in Resources */ = {isa = PBXBuildFile; fileRef = D0178D3A29FA816F00C5ABA6 /* LaunchScreen.storyboard */; };
		D0178D4729FA817000C5ABA6 /* iOS_Mobile_LessonTests.swift in Sources */ = {isa = PBXBuildFile; fileRef = D0178D4629FA817000C5ABA6 /* iOS_Mobile_LessonTests.swift */; };
		D0178D5129FA817000C5ABA6 /* iOS_Mobile_LessonUITests.swift in Sources */ = {isa = PBXBuildFile; fileRef = D0178D5029FA817000C5ABA6 /* iOS_Mobile_LessonUITests.swift */; };
		D0178D5329FA817000C5ABA6 /* iOS_Mobile_LessonUITestsLaunchTests.swift in Sources */ = {isa = PBXBuildFile; fileRef = D0178D5229FA817000C5ABA6 /* iOS_Mobile_LessonUITestsLaunchTests.swift */; };
/* End PBXBuildFile section */

/* Begin PBXContainerItemProxy section */
		D0178D4329FA816F00C5ABA6 /* PBXContainerItemProxy */ = {
			isa = PBXContainerItemProxy;
			containerPortal = D0178D2129FA816B00C5ABA6 /* Project object */;
			proxyType = 1;
			remoteGlobalIDString = D0178D2829FA816B00C5ABA6;
			remoteInfo = iOS_Mobile_Lesson;
		};
		D0178D4D29FA817000C5ABA6 /* PBXContainerItemProxy */ = {
			isa = PBXContainerItemProxy;
			containerPortal = D0178D2129FA816B00C5ABA6 /* Project object */;
			proxyType = 1;
			remoteGlobalIDString = D0178D2829FA816B00C5ABA6;
			remoteInfo = iOS_Mobile_Lesson;
		};
/* End PBXContainerItemProxy section */

/* Begin PBXFileReference section */
		D0178D2929FA816B00C5ABA6 /* iOS_Mobile_Lesson.app */ = {isa = PBXFileReference; explicitFileType = wrapper.application; includeInIndex = 0; path = iOS_Mobile_Lesson.app; sourceTree = BUILT_PRODUCTS_DIR; };
		D0178D2C29FA816B00C5ABA6 /* AppDelegate.swift */ = {isa = PBXFileReference; lastKnownFileType = sourcecode.swift; path = AppDelegate.swift; sourceTree = "<group>"; };
		D0178D2E29FA816B00C5ABA6 /* SceneDelegate.swift */ = {isa = PBXFileReference; lastKnownFileType = sourcecode.swift; path = SceneDelegate.swift; sourceTree = "<group>"; };
		D0178D3029FA816B00C5ABA6 /* ViewController.swift */ = {isa = PBXFileReference; lastKnownFileType = sourcecode.swift; path = ViewController.swift; sourceTree = "<group>"; };
		D0178D3329FA816B00C5ABA6 /* Base */ = {isa = PBXFileReference; lastKnownFileType = file.storyboard; name = Base; path = Base.lproj/Main.storyboard; sourceTree = "<group>"; };
		D0178D3629FA816B00C5ABA6 /* iOS_Mobile_Lesson.xcdatamodel */ = {isa = PBXFileReference; lastKnownFileType = wrapper.xcdatamodel; path = iOS_Mobile_Lesson.xcdatamodel; sourceTree = "<group>"; };
		D0178D3829FA816F00C5ABA6 /* Assets.xcassets */ = {isa = PBXFileReference; lastKnownFileType = folder.assetcatalog; path = Assets.xcassets; sourceTree = "<group>"; };
		D0178D3B29FA816F00C5ABA6 /* Base */ = {isa = PBXFileReference; lastKnownFileType = file.storyboard; name = Base; path = Base.lproj/LaunchScreen.storyboard; sourceTree = "<group>"; };
		D0178D3D29FA816F00C5ABA6 /* Info.plist */ = {isa = PBXFileReference; lastKnownFileType = text.plist.xml; path = Info.plist; sourceTree = "<group>"; };
		D0178D4229FA816F00C5ABA6 /* iOS_Mobile_LessonTests.xctest */ = {isa = PBXFileReference; explicitFileType = wrapper.cfbundle; includeInIndex = 0; path = iOS_Mobile_LessonTests.xctest; sourceTree = BUILT_PRODUCTS_DIR; };
		D0178D4629FA817000C5ABA6 /* iOS_Mobile_LessonTests.swift */ = {isa = PBXFileReference; lastKnownFileType = sourcecode.swift; path = iOS_Mobile_LessonTests.swift; sourceTree = "<group>"; };
		D0178D4C29FA817000C5ABA6 /* iOS_Mobile_LessonUITests.xctest */ = {isa = PBXFileReference; explicitFileType = wrapper.cfbundle; includeInIndex = 0; path = iOS_Mobile_LessonUITests.xctest; sourceTree = BUILT_PRODUCTS_DIR; };
		D0178D5029FA817000C5ABA6 /* iOS_Mobile_LessonUITests.swift */ = {isa = PBXFileReference; lastKnownFileType = sourcecode.swift; path = iOS_Mobile_LessonUITests.swift; sourceTree = "<group>"; };
		D0178D5229FA817000C5ABA6 /* iOS_Mobile_LessonUITestsLaunchTests.swift */ = {isa = PBXFileReference; lastKnownFileType = sourcecode.swift; path = iOS_Mobile_LessonUITestsLaunchTests.swift; sourceTree = "<group>"; };
/* End PBXFileReference section */

/* Begin PBXFrameworksBuildPhase section */
		D0178D2629FA816B00C5ABA6 /* Frameworks */ = {
			isa = PBXFrameworksBuildPhase;
			buildActionMask = 2147483647;
			files = (
			);
			runOnlyForDeploymentPostprocessing = 0;
		};
		D0178D3F29FA816F00C5ABA6 /* Frameworks */ = {
			isa = PBXFrameworksBuildPhase;
			buildActionMask = 2147483647;
			files = (
			);
			runOnlyForDeploymentPostprocessing = 0;
		};
		D0178D4929FA817000C5ABA6 /* Frameworks */ = {
			isa = PBXFrameworksBuildPhase;
			buildActionMask = 2147483647;
			files = (
			);
			runOnlyForDeploymentPostprocessing = 0;
		};
/* End PBXFrameworksBuildPhase section */

/* Begin PBXGroup section */
		D0178D2029FA816B00C5ABA6 = {
			isa = PBXGroup;
			children = (
				D0178D2B29FA816B00C5ABA6 /* iOS_Mobile_Lesson */,
				D0178D4529FA816F00C5ABA6 /* iOS_Mobile_LessonTests */,
				D0178D4F29FA817000C5ABA6 /* iOS_Mobile_LessonUITests */,
				D0178D2A29FA816B00C5ABA6 /* Products */,
			);
			sourceTree = "<group>";
		};
		D0178D2A29FA816B00C5ABA6 /* Products */ = {
			isa = PBXGroup;
			children = (
				D0178D2929FA816B00C5ABA6 /* iOS_Mobile_Lesson.app */,
				D0178D4229FA816F00C5ABA6 /* iOS_Mobile_LessonTests.xctest */,
				D0178D4C29FA817000C5ABA6 /* iOS_Mobile_LessonUITests.xctest */,
			);
			name = Products;
			sourceTree = "<group>";
		};
		D0178D2B29FA816B00C5ABA6 /* iOS_Mobile_Lesson */ = {
			isa = PBXGroup;
			children = (
				D0178D2C29FA816B00C5ABA6 /* AppDelegate.swift */,
				D0178D2E29FA816B00C5ABA6 /* SceneDelegate.swift */,
				D0178D3029FA816B00C5ABA6 /* ViewController.swift */,
				D0178D3229FA816B00C5ABA6 /* Main.storyboard */,
				D0178D3829FA816F00C5ABA6 /* Assets.xcassets */,
				D0178D3A29FA816F00C5ABA6 /* LaunchScreen.storyboard */,
				D0178D3D29FA816F00C5ABA6 /* Info.plist */,
				D0178D3529FA816B00C5ABA6 /* iOS_Mobile_Lesson.xcdatamodeld */,
			);
			path = iOS_Mobile_Lesson;
			sourceTree = "<group>";
		};
		D0178D4529FA816F00C5ABA6 /* iOS_Mobile_LessonTests */ = {
			isa = PBXGroup;
			children = (
				D0178D4629FA817000C5ABA6 /* iOS_Mobile_LessonTests.swift */,
			);
			path = iOS_Mobile_LessonTests;
			sourceTree = "<group>";
		};
		D0178D4F29FA817000C5ABA6 /* iOS_Mobile_LessonUITests */ = {
			isa = PBXGroup;
			children = (
				D0178D5029FA817000C5ABA6 /* iOS_Mobile_LessonUITests.swift */,
				D0178D5229FA817000C5ABA6 /* iOS_Mobile_LessonUITestsLaunchTests.swift */,
			);
			path = iOS_Mobile_LessonUITests;
			sourceTree = "<group>";
		};
/* End PBXGroup section */

/* Begin PBXNativeTarget section */
		D0178D2829FA816B00C5ABA6 /* iOS_Mobile_Lesson */ = {
			isa = PBXNativeTarget;
			buildConfigurationList = D0178D5629FA817000C5ABA6 /* Build configuration list for PBXNativeTarget "iOS_Mobile_Lesson" */;
			buildPhases = (
				D0178D2529FA816B00C5ABA6 /* Sources */,
				D0178D2629FA816B00C5ABA6 /* Frameworks */,
				D0178D2729FA816B00C5ABA6 /* Resources */,
			);
			buildRules = (
			);
			dependencies = (
			);
			name = iOS_Mobile_Lesson;
			productName = iOS_Mobile_Lesson;
			productReference = D0178D2929FA816B00C5ABA6 /* iOS_Mobile_Lesson.app */;
			productType = "com.apple.product-type.application";
		};
		D0178D4129FA816F00C5ABA6 /* iOS_Mobile_LessonTests */ = {
			isa = PBXNativeTarget;
			buildConfigurationList = D0178D5929FA817000C5ABA6 /* Build configuration list for PBXNativeTarget "iOS_Mobile_LessonTests" */;
			buildPhases = (
				D0178D3E29FA816F00C5ABA6 /* Sources */,
				D0178D3F29FA816F00C5ABA6 /* Frameworks */,
				D0178D4029FA816F00C5ABA6 /* Resources */,
			);
			buildRules = (
			);
			dependencies = (
				D0178D4429FA816F00C5ABA6 /* PBXTargetDependency */,
			);
			name = iOS_Mobile_LessonTests;
			productName = iOS_Mobile_LessonTests;
			productReference = D0178D4229FA816F00C5ABA6 /* iOS_Mobile_LessonTests.xctest */;
			productType = "com.apple.product-type.bundle.unit-test";
		};
		D0178D4B29FA817000C5ABA6 /* iOS_Mobile_LessonUITests */ = {
			isa = PBXNativeTarget;
			buildConfigurationList = D0178D5C29FA817000C5ABA6 /* Build configuration list for PBXNativeTarget "iOS_Mobile_LessonUITests" */;
			buildPhases = (
				D0178D4829FA817000C5ABA6 /* Sources */,
				D0178D4929FA817000C5ABA6 /* Frameworks */,
				D0178D4A29FA817000C5ABA6 /* Resources */,
			);
			buildRules = (
			);
			dependencies = (
				D0178D4E29FA817000C5ABA6 /* PBXTargetDependency */,
			);
			name = iOS_Mobile_LessonUITests;
			productName = iOS_Mobile_LessonUITests;
			productReference = D0178D4C29FA817000C5ABA6 /* iOS_Mobile_LessonUITests.xctest */;
			productType = "com.apple.product-type.bundle.ui-testing";
		};
/* End PBXNativeTarget section */

/* Begin PBXProject section */
		D0178D2129FA816B00C5ABA6 /* Project object */ = {
			isa = PBXProject;
			attributes = {
				BuildIndependentTargetsInParallel = 1;
				LastSwiftUpdateCheck = 1420;
				LastUpgradeCheck = 1420;
				TargetAttributes = {
					D0178D2829FA816B00C5ABA6 = {
						CreatedOnToolsVersion = 14.2;
					};
					D0178D4129FA816F00C5ABA6 = {
						CreatedOnToolsVersion = 14.2;
						TestTargetID = D0178D2829FA816B00C5ABA6;
					};
					D0178D4B29FA817000C5ABA6 = {
						CreatedOnToolsVersion = 14.2;
						TestTargetID = D0178D2829FA816B00C5ABA6;
					};
				};
			};
			buildConfigurationList = D0178D2429FA816B00C5ABA6 /* Build configuration list for PBXProject "iOS_Mobile_Lesson" */;
			compatibilityVersion = "Xcode 14.0";
			developmentRegion = en;
			hasScannedForEncodings = 0;
			knownRegions = (
				en,
				Base,
			);
			mainGroup = D0178D2029FA816B00C5ABA6;
			productRefGroup = D0178D2A29FA816B00C5ABA6 /* Products */;
			projectDirPath = "";
			projectRoot = "";
			targets = (
				D0178D2829FA816B00C5ABA6 /* iOS_Mobile_Lesson */,
				D0178D4129FA816F00C5ABA6 /* iOS_Mobile_LessonTests */,
				D0178D4B29FA817000C5ABA6 /* iOS_Mobile_LessonUITests */,
			);
		};
/* End PBXProject section */

/* Begin PBXResourcesBuildPhase section */
		D0178D2729FA816B00C5ABA6 /* Resources */ = {
			isa = PBXResourcesBuildPhase;
			buildActionMask = 2147483647;
			files = (
				D0178D3C29FA816F00C5ABA6 /* LaunchScreen.storyboard in Resources */,
				D0178D3929FA816F00C5ABA6 /* Assets.xcassets in Resources */,
				D0178D3429FA816B00C5ABA6 /* Main.storyboard in Resources */,
			);
			runOnlyForDeploymentPostprocessing = 0;
		};
		D0178D4029FA816F00C5ABA6 /* Resources */ = {
			isa = PBXResourcesBuildPhase;
			buildActionMask = 2147483647;
			files = (
			);
			runOnlyForDeploymentPostprocessing = 0;
		};
		D0178D4A29FA817000C5ABA6 /* Resources */ = {
			isa = PBXResourcesBuildPhase;
			buildActionMask = 2147483647;
			files = (
			);
			runOnlyForDeploymentPostprocessing = 0;
		};
/* End PBXResourcesBuildPhase section */

/* Begin PBXSourcesBuildPhase section */
		D0178D2529FA816B00C5ABA6 /* Sources */ = {
			isa = PBXSourcesBuildPhase;
			buildActionMask = 2147483647;
			files = (
				D0178D3129FA816B00C5ABA6 /* ViewController.swift in Sources */,
				D0178D2D29FA816B00C5ABA6 /* AppDelegate.swift in Sources */,
				D0178D2F29FA816B00C5ABA6 /* SceneDelegate.swift in Sources */,
				D0178D3729FA816B00C5ABA6 /* iOS_Mobile_Lesson.xcdatamodeld in Sources */,
			);
			runOnlyForDeploymentPostprocessing = 0;
		};
		D0178D3E29FA816F00C5ABA6 /* Sources */ = {
			isa = PBXSourcesBuildPhase;
			buildActionMask = 2147483647;
			files = (
				D0178D4729FA817000C5ABA6 /* iOS_Mobile_LessonTests.swift in Sources */,
			);
			runOnlyForDeploymentPostprocessing = 0;
		};
		D0178D4829FA817000C5ABA6 /* Sources */ = {
			isa = PBXSourcesBuildPhase;
			buildActionMask = 2147483647;
			files = (
				D0178D5329FA817000C5ABA6 /* iOS_Mobile_LessonUITestsLaunchTests.swift in Sources */,
				D0178D5129FA817000C5ABA6 /* iOS_Mobile_LessonUITests.swift in Sources */,
			);
			runOnlyForDeploymentPostprocessing = 0;
		};
/* End PBXSourcesBuildPhase section */

/* Begin PBXTargetDependency section */
		D0178D4429FA816F00C5ABA6 /* PBXTargetDependency */ = {
			isa = PBXTargetDependency;
			target = D0178D2829FA816B00C5ABA6 /* iOS_Mobile_Lesson */;
			targetProxy = D0178D4329FA816F00C5ABA6 /* PBXContainerItemProxy */;
		};
		D0178D4E29FA817000C5ABA6 /* PBXTargetDependency */ = {
			isa = PBXTargetDependency;
			target = D0178D2829FA816B00C5ABA6 /* iOS_Mobile_Lesson */;
			targetProxy = D0178D4D29FA817000C5ABA6 /* PBXContainerItemProxy */;
		};
/* End PBXTargetDependency section */

/* Begin PBXVariantGroup section */
		D0178D3229FA816B00C5ABA6 /* Main.storyboard */ = {
			isa = PBXVariantGroup;
			children = (
				D0178D3329FA816B00C5ABA6 /* Base */,
			);
			name = Main.storyboard;
			sourceTree = "<group>";
		};
		D0178D3A29FA816F00C5ABA6 /* LaunchScreen.storyboard */ = {
			isa = PBXVariantGroup;
			children = (
				D0178D3B29FA816F00C5ABA6 /* Base */,
			);
			name = LaunchScreen.storyboard;
			sourceTree = "<group>";
		};
/* End PBXVariantGroup section */

/* Begin XCBuildConfiguration section */
		D0178D5429FA817000C5ABA6 /* Debug */ = {
			isa = XCBuildConfiguration;
			buildSettings = {
				ALWAYS_SEARCH_USER_PATHS = NO;
				CLANG_ANALYZER_NONNULL = YES;
				CLANG_ANALYZER_NUMBER_OBJECT_CONVERSION = YES_AGGRESSIVE;
				CLANG_CXX_LANGUAGE_STANDARD = "gnu++20";
				CLANG_ENABLE_MODULES = YES;
				CLANG_ENABLE_OBJC_ARC = YES;
				CLANG_ENABLE_OBJC_WEAK = YES;
				CLANG_WARN_BLOCK_CAPTURE_AUTORELEASING = YES;
				CLANG_WARN_BOOL_CONVERSION = YES;
				CLANG_WARN_COMMA = YES;
				CLANG_WARN_CONSTANT_CONVERSION = YES;
				CLANG_WARN_DEPRECATED_OBJC_IMPLEMENTATIONS = YES;
				CLANG_WARN_DIRECT_OBJC_ISA_USAGE = YES_ERROR;
				CLANG_WARN_DOCUMENTATION_COMMENTS = YES;
				CLANG_WARN_EMPTY_BODY = YES;
				CLANG_WARN_ENUM_CONVERSION = YES;
				CLANG_WARN_INFINITE_RECURSION = YES;
				CLANG_WARN_INT_CONVERSION = YES;
				CLANG_WARN_NON_LITERAL_NULL_CONVERSION = YES;
				CLANG_WARN_OBJC_IMPLICIT_RETAIN_SELF = YES;
				CLANG_WARN_OBJC_LITERAL_CONVERSION = YES;
				CLANG_WARN_OBJC_ROOT_CLASS = YES_ERROR;
				CLANG_WARN_QUOTED_INCLUDE_IN_FRAMEWORK_HEADER = YES;
				CLANG_WARN_RANGE_LOOP_ANALYSIS = YES;
				CLANG_WARN_STRICT_PROTOTYPES = YES;
				CLANG_WARN_SUSPICIOUS_MOVE = YES;
				CLANG_WARN_UNGUARDED_AVAILABILITY = YES_AGGRESSIVE;
				CLANG_WARN_UNREACHABLE_CODE = YES;
				CLANG_WARN__DUPLICATE_METHOD_MATCH = YES;
				COPY_PHASE_STRIP = NO;
				DEBUG_INFORMATION_FORMAT = dwarf;
				ENABLE_STRICT_OBJC_MSGSEND = YES;
				ENABLE_TESTABILITY = YES;
				GCC_C_LANGUAGE_STANDARD = gnu11;
				GCC_DYNAMIC_NO_PIC = NO;
				GCC_NO_COMMON_BLOCKS = YES;
				GCC_OPTIMIZATION_LEVEL = 0;
				GCC_PREPROCESSOR_DEFINITIONS = (
					"DEBUG=1",
					"$(inherited)",
				);
				GCC_WARN_64_TO_32_BIT_CONVERSION = YES;
				GCC_WARN_ABOUT_RETURN_TYPE = YES_ERROR;
				GCC_WARN_UNDECLARED_SELECTOR = YES;
				GCC_WARN_UNINITIALIZED_AUTOS = YES_AGGRESSIVE;
				GCC_WARN_UNUSED_FUNCTION = YES;
				GCC_WARN_UNUSED_VARIABLE = YES;
				IPHONEOS_DEPLOYMENT_TARGET = 16.2;
				MTL_ENABLE_DEBUG_INFO = INCLUDE_SOURCE;
				MTL_FAST_MATH = YES;
				ONLY_ACTIVE_ARCH = YES;
				SDKROOT = iphoneos;
				SWIFT_ACTIVE_COMPILATION_CONDITIONS = DEBUG;
				SWIFT_OPTIMIZATION_LEVEL = "-Onone";
			};
			name = Debug;
		};
		D0178D5529FA817000C5ABA6 /* Release */ = {
			isa = XCBuildConfiguration;
			buildSettings = {
				ALWAYS_SEARCH_USER_PATHS = NO;
				CLANG_ANALYZER_NONNULL = YES;
				CLANG_ANALYZER_NUMBER_OBJECT_CONVERSION = YES_AGGRESSIVE;
				CLANG_CXX_LANGUAGE_STANDARD = "gnu++20";
				CLANG_ENABLE_MODULES = YES;
				CLANG_ENABLE_OBJC_ARC = YES;
				CLANG_ENABLE_OBJC_WEAK = YES;
				CLANG_WARN_BLOCK_CAPTURE_AUTORELEASING = YES;
				CLANG_WARN_BOOL_CONVERSION = YES;
				CLANG_WARN_COMMA = YES;
				CLANG_WARN_CONSTANT_CONVERSION = YES;
				CLANG_WARN_DEPRECATED_OBJC_IMPLEMENTATIONS = YES;
				CLANG_WARN_DIRECT_OBJC_ISA_USAGE = YES_ERROR;
				CLANG_WARN_DOCUMENTATION_COMMENTS = YES;
				CLANG_WARN_EMPTY_BODY = YES;
				CLANG_WARN_ENUM_CONVERSION = YES;
				CLANG_WARN_INFINITE_RECURSION = YES;
				CLANG_WARN_INT_CONVERSION = YES;
				CLANG_WARN_NON_LITERAL_NULL_CONVERSION = YES;
				CLANG_WARN_OBJC_IMPLICIT_RETAIN_SELF = YES;
				CLANG_WARN_OBJC_LITERAL_CONVERSION = YES;
				CLANG_WARN_OBJC_ROOT_CLASS = YES_ERROR;
				CLANG_WARN_QUOTED_INCLUDE_IN_FRAMEWORK_HEADER = YES;
				CLANG_WARN_RANGE_LOOP_ANALYSIS = YES;
				CLANG_WARN_STRICT_PROTOTYPES = YES;
				CLANG_WARN_SUSPICIOUS_MOVE = YES;
				CLANG_WARN_UNGUARDED_AVAILABILITY = YES_AGGRESSIVE;
				CLANG_WARN_UNREACHABLE_CODE = YES;
				CLANG_WARN__DUPLICATE_METHOD_MATCH = YES;
				COPY_PHASE_STRIP = NO;
				DEBUG_INFORMATION_FORMAT = "dwarf-with-dsym";
				ENABLE_NS_ASSERTIONS = NO;
				ENABLE_STRICT_OBJC_MSGSEND = YES;
				GCC_C_LANGUAGE_STANDARD = gnu11;
				GCC_NO_COMMON_BLOCKS = YES;
				GCC_WARN_64_TO_32_BIT_CONVERSION = YES;
				GCC_WARN_ABOUT_RETURN_TYPE = YES_ERROR;
				GCC_WARN_UNDECLARED_SELECTOR = YES;
				GCC_WARN_UNINITIALIZED_AUTOS = YES_AGGRESSIVE;
				GCC_WARN_UNUSED_FUNCTION = YES;
				GCC_WARN_UNUSED_VARIABLE = YES;
				IPHONEOS_DEPLOYMENT_TARGET = 16.2;
				MTL_ENABLE_DEBUG_INFO = NO;
				MTL_FAST_MATH = YES;
				SDKROOT = iphoneos;
				SWIFT_COMPILATION_MODE = wholemodule;
				SWIFT_OPTIMIZATION_LEVEL = "-O";
				VALIDATE_PRODUCT = YES;
			};
			name = Release;
		};
		D0178D5729FA817000C5ABA6 /* Debug */ = {
			isa = XCBuildConfiguration;
			buildSettings = {
				ASSETCATALOG_COMPILER_APPICON_NAME = AppIcon;
				ASSETCATALOG_COMPILER_GLOBAL_ACCENT_COLOR_NAME = AccentColor;
				CODE_SIGN_STYLE = Automatic;
				CURRENT_PROJECT_VERSION = 1;
				DEVELOPMENT_TEAM = 56K423922J;
				GENERATE_INFOPLIST_FILE = YES;
				INFOPLIST_FILE = iOS_Mobile_Lesson/Info.plist;
				INFOPLIST_KEY_UIApplicationSupportsIndirectInputEvents = YES;
				INFOPLIST_KEY_UILaunchStoryboardName = LaunchScreen;
				INFOPLIST_KEY_UIMainStoryboardFile = Main;
				INFOPLIST_KEY_UISupportedInterfaceOrientations_iPad = "UIInterfaceOrientationPortrait UIInterfaceOrientationPortraitUpsideDown UIInterfaceOrientationLandscapeLeft UIInterfaceOrientationLandscapeRight";
				INFOPLIST_KEY_UISupportedInterfaceOrientations_iPhone = "UIInterfaceOrientationPortrait UIInterfaceOrientationLandscapeLeft UIInterfaceOrientationLandscapeRight";
				LD_RUNPATH_SEARCH_PATHS = (
					"$(inherited)",
					"@executable_path/Frameworks",
				);
				MARKETING_VERSION = 1.0;
				PRODUCT_BUNDLE_IDENTIFIER = "com.akmobile.app.iOS-Mobile-Lesson";
				PRODUCT_NAME = "$(TARGET_NAME)";
				SWIFT_EMIT_LOC_STRINGS = YES;
				SWIFT_VERSION = 5.0;
				TARGETED_DEVICE_FAMILY = "1,2";
			};
			name = Debug;
		};
		D0178D5829FA817000C5ABA6 /* Release */ = {
			isa = XCBuildConfiguration;
			buildSettings = {
				ASSETCATALOG_COMPILER_APPICON_NAME = AppIcon;
				ASSETCATALOG_COMPILER_GLOBAL_ACCENT_COLOR_NAME = AccentColor;
				CODE_SIGN_STYLE = Automatic;
				CURRENT_PROJECT_VERSION = 1;
				DEVELOPMENT_TEAM = 56K423922J;
				GENERATE_INFOPLIST_FILE = YES;
				INFOPLIST_FILE = iOS_Mobile_Lesson/Info.plist;
				INFOPLIST_KEY_UIApplicationSupportsIndirectInputEvents = YES;
				INFOPLIST_KEY_UILaunchStoryboardName = LaunchScreen;
				INFOPLIST_KEY_UIMainStoryboardFile = Main;
				INFOPLIST_KEY_UISupportedInterfaceOrientations_iPad = "UIInterfaceOrientationPortrait UIInterfaceOrientationPortraitUpsideDown UIInterfaceOrientationLandscapeLeft UIInterfaceOrientationLandscapeRight";
				INFOPLIST_KEY_UISupportedInterfaceOrientations_iPhone = "UIInterfaceOrientationPortrait UIInterfaceOrientationLandscapeLeft UIInterfaceOrientationLandscapeRight";
				LD_RUNPATH_SEARCH_PATHS = (
					"$(inherited)",
					"@executable_path/Frameworks",
				);
				MARKETING_VERSION = 1.0;
				PRODUCT_BUNDLE_IDENTIFIER = "com.akmobile.app.iOS-Mobile-Lesson";
				PRODUCT_NAME = "$(TARGET_NAME)";
				SWIFT_EMIT_LOC_STRINGS = YES;
				SWIFT_VERSION = 5.0;
				TARGETED_DEVICE_FAMILY = "1,2";
			};
			name = Release;
		};
		D0178D5A29FA817000C5ABA6 /* Debug */ = {
			isa = XCBuildConfiguration;
			buildSettings = {
				ALWAYS_EMBED_SWIFT_STANDARD_LIBRARIES = YES;
				BUNDLE_LOADER = "$(TEST_HOST)";
				CODE_SIGN_STYLE = Automatic;
				CURRENT_PROJECT_VERSION = 1;
				DEVELOPMENT_TEAM = 56K423922J;
				GENERATE_INFOPLIST_FILE = YES;
				IPHONEOS_DEPLOYMENT_TARGET = 16.2;
				MARKETING_VERSION = 1.0;
				PRODUCT_BUNDLE_IDENTIFIER = "com.akmobile.app.iOS-Mobile-LessonTests";
				PRODUCT_NAME = "$(TARGET_NAME)";
				SWIFT_EMIT_LOC_STRINGS = NO;
				SWIFT_VERSION = 5.0;
				TARGETED_DEVICE_FAMILY = "1,2";
				TEST_HOST = "$(BUILT_PRODUCTS_DIR)/iOS_Mobile_Lesson.app/$(BUNDLE_EXECUTABLE_FOLDER_PATH)/iOS_Mobile_Lesson";
			};
			name = Debug;
		};
		D0178D5B29FA817000C5ABA6 /* Release */ = {
			isa = XCBuildConfiguration;
			buildSettings = {
				ALWAYS_EMBED_SWIFT_STANDARD_LIBRARIES = YES;
				BUNDLE_LOADER = "$(TEST_HOST)";
				CODE_SIGN_STYLE = Automatic;
				CURRENT_PROJECT_VERSION = 1;
				DEVELOPMENT_TEAM = 56K423922J;
				GENERATE_INFOPLIST_FILE = YES;
				IPHONEOS_DEPLOYMENT_TARGET = 16.2;
				MARKETING_VERSION = 1.0;
				PRODUCT_BUNDLE_IDENTIFIER = "com.akmobile.app.iOS-Mobile-LessonTests";
				PRODUCT_NAME = "$(TARGET_NAME)";
				SWIFT_EMIT_LOC_STRINGS = NO;
				SWIFT_VERSION = 5.0;
				TARGETED_DEVICE_FAMILY = "1,2";
				TEST_HOST = "$(BUILT_PRODUCTS_DIR)/iOS_Mobile_Lesson.app/$(BUNDLE_EXECUTABLE_FOLDER_PATH)/iOS_Mobile_Lesson";
			};
			name = Release;
		};
		D0178D5D29FA817000C5ABA6 /* Debug */ = {
			isa = XCBuildConfiguration;
			buildSettings = {
				ALWAYS_EMBED_SWIFT_STANDARD_LIBRARIES = YES;
				CODE_SIGN_STYLE = Automatic;
				CURRENT_PROJECT_VERSION = 1;
				DEVELOPMENT_TEAM = 56K423922J;
				GENERATE_INFOPLIST_FILE = YES;
				MARKETING_VERSION = 1.0;
				PRODUCT_BUNDLE_IDENTIFIER = "com.akmobile.app.iOS-Mobile-LessonUITests";
				PRODUCT_NAME = "$(TARGET_NAME)";
				SWIFT_EMIT_LOC_STRINGS = NO;
				SWIFT_VERSION = 5.0;
				TARGETED_DEVICE_FAMILY = "1,2";
				TEST_TARGET_NAME = iOS_Mobile_Lesson;
			};
			name = Debug;
		};
		D0178D5E29FA817000C5ABA6 /* Release */ = {
			isa = XCBuildConfiguration;
			buildSettings = {
				ALWAYS_EMBED_SWIFT_STANDARD_LIBRARIES = YES;
				CODE_SIGN_STYLE = Automatic;
				CURRENT_PROJECT_VERSION = 1;
				DEVELOPMENT_TEAM = 56K423922J;
				GENERATE_INFOPLIST_FILE = YES;
				MARKETING_VERSION = 1.0;
				PRODUCT_BUNDLE_IDENTIFIER = "com.akmobile.app.iOS-Mobile-LessonUITests";
				PRODUCT_NAME = "$(TARGET_NAME)";
				SWIFT_EMIT_LOC_STRINGS = NO;
				SWIFT_VERSION = 5.0;
				TARGETED_DEVICE_FAMILY = "1,2";
				TEST_TARGET_NAME = iOS_Mobile_Lesson;
			};
			name = Release;
		};
/* End XCBuildConfiguration section */

/* Begin XCConfigurationList section */
		D0178D2429FA816B00C5ABA6 /* Build configuration list for PBXProject "iOS_Mobile_Lesson" */ = {
			isa = XCConfigurationList;
			buildConfigurations = (
				D0178D5429FA817000C5ABA6 /* Debug */,
				D0178D5529FA817000C5ABA6 /* Release */,
			);
			defaultConfigurationIsVisible = 0;
			defaultConfigurationName = Release;
		};
		D0178D5629FA817000C5ABA6 /* Build configuration list for PBXNativeTarget "iOS_Mobile_Lesson" */ = {
			isa = XCConfigurationList;
			buildConfigurations = (
				D0178D5729FA817000C5ABA6 /* Debug */,
				D0178D5829FA817000C5ABA6 /* Release */,
			);
			defaultConfigurationIsVisible = 0;
			defaultConfigurationName = Release;
		};
		D0178D5929FA817000C5ABA6 /* Build configuration list for PBXNativeTarget "iOS_Mobile_LessonTests" */ = {
			isa = XCConfigurationList;
			buildConfigurations = (
				D0178D5A29FA817000C5ABA6 /* Debug */,
				D0178D5B29FA817000C5ABA6 /* Release */,
			);
			defaultConfigurationIsVisible = 0;
			defaultConfigurationName = Release;
		};
		D0178D5C29FA817000C5ABA6 /* Build configuration list for PBXNativeTarget "iOS_Mobile_LessonUITests" */ = {
			isa = XCConfigurationList;
			buildConfigurations = (
				D0178D5D29FA817000C5ABA6 /* Debug */,
				D0178D5E29FA817000C5ABA6 /* Release */,
			);
			defaultConfigurationIsVisible = 0;
			defaultConfigurationName = Release;
		};
/* End XCConfigurationList section */

/* Begin XCVersionGroup section */
		D0178D3529FA816B00C5ABA6 /* iOS_Mobile_Lesson.xcdatamodeld */ = {
			isa = XCVersionGroup;
			children = (
				D0178D3629FA816B00C5ABA6 /* iOS_Mobile_Lesson.xcdatamodel */,
			);
			currentVersion = D0178D3629FA816B00C5ABA6 /* iOS_Mobile_Lesson.xcdatamodel */;
			path = iOS_Mobile_Lesson.xcdatamodeld;
			sourceTree = "<group>";
			versionGroupType = wrapper.xcdatamodel;
		};
/* End XCVersionGroup section */
	};
	rootObject = D0178D2129FA816B00C5ABA6 /* Project object */;
}
