// !$*UTF8*$!
{
	archiveVersion = 1;
	classes = {
	};
	objectVersion = 56;
	objects = {

/* Begin PBXBuildFile section */
		D000874229FAF41B009C29F8 /* AuthenticationVM.swift in Sources */ = {isa = PBXBuildFile; fileRef = D000874129FAF41B009C29F8 /* AuthenticationVM.swift */; };
		D000874529FAF5B4009C29F8 /* AuthenticationExt.swift in Sources */ = {isa = PBXBuildFile; fileRef = D000874429FAF5B4009C29F8 /* AuthenticationExt.swift */; };
		D000874729FAFD24009C29F8 /* CompleteSigningUpVC.swift in Sources */ = {isa = PBXBuildFile; fileRef = D000874629FAFD24009C29F8 /* CompleteSigningUpVC.swift */; };
		D000874929FAFF2F009C29F8 /* GeneralExt.swift in Sources */ = {isa = PBXBuildFile; fileRef = D000874829FAFF2F009C29F8 /* GeneralExt.swift */; };
		D000874D29FBB133009C29F8 /* CompleteSignUpExt.swift in Sources */ = {isa = PBXBuildFile; fileRef = D000874C29FBB133009C29F8 /* CompleteSignUpExt.swift */; };
		D000874F29FBC931009C29F8 /* ProfileVC.swift in Sources */ = {isa = PBXBuildFile; fileRef = D000874E29FBC931009C29F8 /* ProfileVC.swift */; };
		D000875129FBCFF4009C29F8 /* GoogleService-Info.plist in Resources */ = {isa = PBXBuildFile; fileRef = D000875029FBCFF4009C29F8 /* GoogleService-Info.plist */; };
		D000875329FC08E0009C29F8 /* FeedVC.swift in Sources */ = {isa = PBXBuildFile; fileRef = D000875229FC08E0009C29F8 /* FeedVC.swift */; };
		D000875529FC093D009C29F8 /* FeedExt.swift in Sources */ = {isa = PBXBuildFile; fileRef = D000875429FC093D009C29F8 /* FeedExt.swift */; };
		D000875729FC09C3009C29F8 /* FeedVM.swift in Sources */ = {isa = PBXBuildFile; fileRef = D000875629FC09C3009C29F8 /* FeedVM.swift */; };
		D000875929FC0B70009C29F8 /* PhozullsTVC.swift in Sources */ = {isa = PBXBuildFile; fileRef = D000875829FC0B70009C29F8 /* PhozullsTVC.swift */; };
		D000875C29FC0CBE009C29F8 /* Phozull.swift in Sources */ = {isa = PBXBuildFile; fileRef = D000875B29FC0CBE009C29F8 /* Phozull.swift */; };
		D000875F29FC12ED009C29F8 /* Kingfisher in Frameworks */ = {isa = PBXBuildFile; productRef = D000875E29FC12ED009C29F8 /* Kingfisher */; };
		D000876129FC3BC3009C29F8 /* ProfileExt.swift in Sources */ = {isa = PBXBuildFile; fileRef = D000876029FC3BC3009C29F8 /* ProfileExt.swift */; };
		D000876329FC3C39009C29F8 /* ProfileVM.swift in Sources */ = {isa = PBXBuildFile; fileRef = D000876229FC3C39009C29F8 /* ProfileVM.swift */; };
		D000876529FC52DC009C29F8 /* CurrentDate.swift in Sources */ = {isa = PBXBuildFile; fileRef = D000876429FC52DC009C29F8 /* CurrentDate.swift */; };
		D000876829FC5656009C29F8 /* CocoaAsyncSocket in Frameworks */ = {isa = PBXBuildFile; productRef = D000876729FC5656009C29F8 /* CocoaAsyncSocket */; };
		D000876A29FFFE4B009C29F8 /* SharePhozullVC.swift in Sources */ = {isa = PBXBuildFile; fileRef = D000876929FFFE4B009C29F8 /* SharePhozullVC.swift */; };
		D000876C29FFFE79009C29F8 /* SharePhozullVM.swift in Sources */ = {isa = PBXBuildFile; fileRef = D000876B29FFFE79009C29F8 /* SharePhozullVM.swift */; };
		D000876E2A0009D6009C29F8 /* SharePhozullExt.swift in Sources */ = {isa = PBXBuildFile; fileRef = D000876D2A0009D6009C29F8 /* SharePhozullExt.swift */; };
		D00087702A00114A009C29F8 /* Constants.swift in Sources */ = {isa = PBXBuildFile; fileRef = D000876F2A00114A009C29F8 /* Constants.swift */; };
		D0054D282A03AA8C00CF331E /* MyPhozullCVC.swift in Sources */ = {isa = PBXBuildFile; fileRef = D0054D272A03AA8C00CF331E /* MyPhozullCVC.swift */; };
		D0054D2A2A03B29F00CF331E /* MyPersonalData.swift in Sources */ = {isa = PBXBuildFile; fileRef = D0054D292A03B29F00CF331E /* MyPersonalData.swift */; };
		D0054D2C2A03BC8E00CF331E /* CommentsVC.swift in Sources */ = {isa = PBXBuildFile; fileRef = D0054D2B2A03BC8E00CF331E /* CommentsVC.swift */; };
		D0054D2E2A03BCBB00CF331E /* CommentsVM.swift in Sources */ = {isa = PBXBuildFile; fileRef = D0054D2D2A03BCBB00CF331E /* CommentsVM.swift */; };
		D0054D302A03C04F00CF331E /* CommentsExt.swift in Sources */ = {isa = PBXBuildFile; fileRef = D0054D2F2A03C04F00CF331E /* CommentsExt.swift */; };
		D0054D322A03C1E400CF331E /* Comment.swift in Sources */ = {isa = PBXBuildFile; fileRef = D0054D312A03C1E400CF331E /* Comment.swift */; };
		D0054D342A03C28F00CF331E /* CommentTVC.swift in Sources */ = {isa = PBXBuildFile; fileRef = D0054D332A03C28F00CF331E /* CommentTVC.swift */; };
		D0178D2D29FA816B00C5ABA6 /* AppDelegate.swift in Sources */ = {isa = PBXBuildFile; fileRef = D0178D2C29FA816B00C5ABA6 /* AppDelegate.swift */; };
		D0178D2F29FA816B00C5ABA6 /* SceneDelegate.swift in Sources */ = {isa = PBXBuildFile; fileRef = D0178D2E29FA816B00C5ABA6 /* SceneDelegate.swift */; };
		D0178D3129FA816B00C5ABA6 /* AuthenticationVC.swift in Sources */ = {isa = PBXBuildFile; fileRef = D0178D3029FA816B00C5ABA6 /* AuthenticationVC.swift */; };
		D0178D3429FA816B00C5ABA6 /* Main.storyboard in Resources */ = {isa = PBXBuildFile; fileRef = D0178D3229FA816B00C5ABA6 /* Main.storyboard */; };
		D0178D3729FA816B00C5ABA6 /* iOS_Mobile_Lesson.xcdatamodeld in Sources */ = {isa = PBXBuildFile; fileRef = D0178D3529FA816B00C5ABA6 /* iOS_Mobile_Lesson.xcdatamodeld */; };
		D0178D3929FA816F00C5ABA6 /* Assets.xcassets in Resources */ = {isa = PBXBuildFile; fileRef = D0178D3829FA816F00C5ABA6 /* Assets.xcassets */; };
		D0178D3C29FA816F00C5ABA6 /* LaunchScreen.storyboard in Resources */ = {isa = PBXBuildFile; fileRef = D0178D3A29FA816F00C5ABA6 /* LaunchScreen.storyboard */; };
		D0178D4729FA817000C5ABA6 /* iOS_Mobile_LessonTests.swift in Sources */ = {isa = PBXBuildFile; fileRef = D0178D4629FA817000C5ABA6 /* iOS_Mobile_LessonTests.swift */; };
		D0178D5129FA817000C5ABA6 /* iOS_Mobile_LessonUITests.swift in Sources */ = {isa = PBXBuildFile; fileRef = D0178D5029FA817000C5ABA6 /* iOS_Mobile_LessonUITests.swift */; };
		D0178D5329FA817000C5ABA6 /* iOS_Mobile_LessonUITestsLaunchTests.swift in Sources */ = {isa = PBXBuildFile; fileRef = D0178D5229FA817000C5ABA6 /* iOS_Mobile_LessonUITestsLaunchTests.swift */; };
		D0178D6429FA828000C5ABA6 /* FirebaseAuth in Frameworks */ = {isa = PBXBuildFile; productRef = D0178D6329FA828000C5ABA6 /* FirebaseAuth */; };
		D0178D6629FA828000C5ABA6 /* FirebaseFirestore in Frameworks */ = {isa = PBXBuildFile; productRef = D0178D6529FA828000C5ABA6 /* FirebaseFirestore */; };
		D0178D6829FA828000C5ABA6 /* FirebaseStorage in Frameworks */ = {isa = PBXBuildFile; productRef = D0178D6729FA828000C5ABA6 /* FirebaseStorage */; };
/* End PBXBuildFile section */

/* Begin PBXContainerItemProxy section */
		D0178D4329FA816F00C5ABA6 /* PBXContainerItemProxy */ = {
			isa = PBXContainerItemProxy;
			containerPortal = D0178D2129FA816B00C5ABA6 /* Project object */;
			proxyType = 1;
			remoteGlobalIDString = D0178D2829FA816B00C5ABA6;
			remoteInfo = iOS_Mobile_Lesson;
		};
		D0178D4D29FA817000C5ABA6 /* PBXContainerItemProxy */ = {
			isa = PBXContainerItemProxy;
			containerPortal = D0178D2129FA816B00C5ABA6 /* Project object */;
			proxyType = 1;
			remoteGlobalIDString = D0178D2829FA816B00C5ABA6;
			remoteInfo = iOS_Mobile_Lesson;
		};
/* End PBXContainerItemProxy section */

/* Begin PBXFileReference section */
		D000874129FAF41B009C29F8 /* AuthenticationVM.swift */ = {isa = PBXFileReference; lastKnownFileType = sourcecode.swift; path = AuthenticationVM.swift; sourceTree = "<group>"; };
		D000874429FAF5B4009C29F8 /* AuthenticationExt.swift */ = {isa = PBXFileReference; lastKnownFileType = sourcecode.swift; path = AuthenticationExt.swift; sourceTree = "<group>"; };
		D000874629FAFD24009C29F8 /* CompleteSigningUpVC.swift */ = {isa = PBXFileReference; lastKnownFileType = sourcecode.swift; path = CompleteSigningUpVC.swift; sourceTree = "<group>"; };
		D000874829FAFF2F009C29F8 /* GeneralExt.swift */ = {isa = PBXFileReference; lastKnownFileType = sourcecode.swift; path = GeneralExt.swift; sourceTree = "<group>"; };
		D000874C29FBB133009C29F8 /* CompleteSignUpExt.swift */ = {isa = PBXFileReference; lastKnownFileType = sourcecode.swift; path = CompleteSignUpExt.swift; sourceTree = "<group>"; };
		D000874E29FBC931009C29F8 /* ProfileVC.swift */ = {isa = PBXFileReference; lastKnownFileType = sourcecode.swift; path = ProfileVC.swift; sourceTree = "<group>"; };
		D000875029FBCFF4009C29F8 /* GoogleService-Info.plist */ = {isa = PBXFileReference; fileEncoding = 4; lastKnownFileType = text.plist.xml; path = "GoogleService-Info.plist"; sourceTree = "<group>"; };
		D000875229FC08E0009C29F8 /* FeedVC.swift */ = {isa = PBXFileReference; lastKnownFileType = sourcecode.swift; path = FeedVC.swift; sourceTree = "<group>"; };
		D000875429FC093D009C29F8 /* FeedExt.swift */ = {isa = PBXFileReference; lastKnownFileType = sourcecode.swift; path = FeedExt.swift; sourceTree = "<group>"; };
		D000875629FC09C3009C29F8 /* FeedVM.swift */ = {isa = PBXFileReference; lastKnownFileType = sourcecode.swift; path = FeedVM.swift; sourceTree = "<group>"; };
		D000875829FC0B70009C29F8 /* PhozullsTVC.swift */ = {isa = PBXFileReference; lastKnownFileType = sourcecode.swift; path = PhozullsTVC.swift; sourceTree = "<group>"; };
		D000875B29FC0CBE009C29F8 /* Phozull.swift */ = {isa = PBXFileReference; lastKnownFileType = sourcecode.swift; path = Phozull.swift; sourceTree = "<group>"; };
		D000876029FC3BC3009C29F8 /* ProfileExt.swift */ = {isa = PBXFileReference; lastKnownFileType = sourcecode.swift; path = ProfileExt.swift; sourceTree = "<group>"; };
		D000876229FC3C39009C29F8 /* ProfileVM.swift */ = {isa = PBXFileReference; lastKnownFileType = sourcecode.swift; path = ProfileVM.swift; sourceTree = "<group>"; };
		D000876429FC52DC009C29F8 /* CurrentDate.swift */ = {isa = PBXFileReference; lastKnownFileType = sourcecode.swift; path = CurrentDate.swift; sourceTree = "<group>"; };
		D000876929FFFE4B009C29F8 /* SharePhozullVC.swift */ = {isa = PBXFileReference; lastKnownFileType = sourcecode.swift; path = SharePhozullVC.swift; sourceTree = "<group>"; };
		D000876B29FFFE79009C29F8 /* SharePhozullVM.swift */ = {isa = PBXFileReference; lastKnownFileType = sourcecode.swift; path = SharePhozullVM.swift; sourceTree = "<group>"; };
		D000876D2A0009D6009C29F8 /* SharePhozullExt.swift */ = {isa = PBXFileReference; lastKnownFileType = sourcecode.swift; path = SharePhozullExt.swift; sourceTree = "<group>"; };
		D000876F2A00114A009C29F8 /* Constants.swift */ = {isa = PBXFileReference; lastKnownFileType = sourcecode.swift; path = Constants.swift; sourceTree = "<group>"; };
		D0054D272A03AA8C00CF331E /* MyPhozullCVC.swift */ = {isa = PBXFileReference; lastKnownFileType = sourcecode.swift; path = MyPhozullCVC.swift; sourceTree = "<group>"; };
		D0054D292A03B29F00CF331E /* MyPersonalData.swift */ = {isa = PBXFileReference; lastKnownFileType = sourcecode.swift; path = MyPersonalData.swift; sourceTree = "<group>"; };
		D0054D2B2A03BC8E00CF331E /* CommentsVC.swift */ = {isa = PBXFileReference; lastKnownFileType = sourcecode.swift; path = CommentsVC.swift; sourceTree = "<group>"; };
		D0054D2D2A03BCBB00CF331E /* CommentsVM.swift */ = {isa = PBXFileReference; lastKnownFileType = sourcecode.swift; path = CommentsVM.swift; sourceTree = "<group>"; };
		D0054D2F2A03C04F00CF331E /* CommentsExt.swift */ = {isa = PBXFileReference; lastKnownFileType = sourcecode.swift; path = CommentsExt.swift; sourceTree = "<group>"; };
		D0054D312A03C1E400CF331E /* Comment.swift */ = {isa = PBXFileReference; lastKnownFileType = sourcecode.swift; path = Comment.swift; sourceTree = "<group>"; };
		D0054D332A03C28F00CF331E /* CommentTVC.swift */ = {isa = PBXFileReference; lastKnownFileType = sourcecode.swift; path = CommentTVC.swift; sourceTree = "<group>"; };
		D0178D2929FA816B00C5ABA6 /* iOS_Mobile_Lesson.app */ = {isa = PBXFileReference; explicitFileType = wrapper.application; includeInIndex = 0; path = iOS_Mobile_Lesson.app; sourceTree = BUILT_PRODUCTS_DIR; };
		D0178D2C29FA816B00C5ABA6 /* AppDelegate.swift */ = {isa = PBXFileReference; lastKnownFileType = sourcecode.swift; path = AppDelegate.swift; sourceTree = "<group>"; };
		D0178D2E29FA816B00C5ABA6 /* SceneDelegate.swift */ = {isa = PBXFileReference; lastKnownFileType = sourcecode.swift; path = SceneDelegate.swift; sourceTree = "<group>"; };
		D0178D3029FA816B00C5ABA6 /* AuthenticationVC.swift */ = {isa = PBXFileReference; lastKnownFileType = sourcecode.swift; path = AuthenticationVC.swift; sourceTree = "<group>"; };
		D0178D3329FA816B00C5ABA6 /* Base */ = {isa = PBXFileReference; lastKnownFileType = file.storyboard; name = Base; path = Base.lproj/Main.storyboard; sourceTree = "<group>"; };
		D0178D3629FA816B00C5ABA6 /* iOS_Mobile_Lesson.xcdatamodel */ = {isa = PBXFileReference; lastKnownFileType = wrapper.xcdatamodel; path = iOS_Mobile_Lesson.xcdatamodel; sourceTree = "<group>"; };
		D0178D3829FA816F00C5ABA6 /* Assets.xcassets */ = {isa = PBXFileReference; lastKnownFileType = folder.assetcatalog; path = Assets.xcassets; sourceTree = "<group>"; };
		D0178D3B29FA816F00C5ABA6 /* Base */ = {isa = PBXFileReference; lastKnownFileType = file.storyboard; name = Base; path = Base.lproj/LaunchScreen.storyboard; sourceTree = "<group>"; };
		D0178D3D29FA816F00C5ABA6 /* Info.plist */ = {isa = PBXFileReference; lastKnownFileType = text.plist.xml; path = Info.plist; sourceTree = "<group>"; };
		D0178D4229FA816F00C5ABA6 /* iOS_Mobile_LessonTests.xctest */ = {isa = PBXFileReference; explicitFileType = wrapper.cfbundle; includeInIndex = 0; path = iOS_Mobile_LessonTests.xctest; sourceTree = BUILT_PRODUCTS_DIR; };
		D0178D4629FA817000C5ABA6 /* iOS_Mobile_LessonTests.swift */ = {isa = PBXFileReference; lastKnownFileType = sourcecode.swift; path = iOS_Mobile_LessonTests.swift; sourceTree = "<group>"; };
		D0178D4C29FA817000C5ABA6 /* iOS_Mobile_LessonUITests.xctest */ = {isa = PBXFileReference; explicitFileType = wrapper.cfbundle; includeInIndex = 0; path = iOS_Mobile_LessonUITests.xctest; sourceTree = BUILT_PRODUCTS_DIR; };
		D0178D5029FA817000C5ABA6 /* iOS_Mobile_LessonUITests.swift */ = {isa = PBXFileReference; lastKnownFileType = sourcecode.swift; path = iOS_Mobile_LessonUITests.swift; sourceTree = "<group>"; };
		D0178D5229FA817000C5ABA6 /* iOS_Mobile_LessonUITestsLaunchTests.swift */ = {isa = PBXFileReference; lastKnownFileType = sourcecode.swift; path = iOS_Mobile_LessonUITestsLaunchTests.swift; sourceTree = "<group>"; };
/* End PBXFileReference section */

/* Begin PBXFrameworksBuildPhase section */
		D0178D2629FA816B00C5ABA6 /* Frameworks */ = {
			isa = PBXFrameworksBuildPhase;
			buildActionMask = 2147483647;
			files = (
				D000876829FC5656009C29F8 /* CocoaAsyncSocket in Frameworks */,
				D000875F29FC12ED009C29F8 /* Kingfisher in Frameworks */,
				D0178D6429FA828000C5ABA6 /* FirebaseAuth in Frameworks */,
				D0178D6629FA828000C5ABA6 /* FirebaseFirestore in Frameworks */,
				D0178D6829FA828000C5ABA6 /* FirebaseStorage in Frameworks */,
			);
			runOnlyForDeploymentPostprocessing = 0;
		};
		D0178D3F29FA816F00C5ABA6 /* Frameworks */ = {
			isa = PBXFrameworksBuildPhase;
			buildActionMask = 2147483647;
			files = (
			);
			runOnlyForDeploymentPostprocessing = 0;
		};
		D0178D4929FA817000C5ABA6 /* Frameworks */ = {
			isa = PBXFrameworksBuildPhase;
			buildActionMask = 2147483647;
			files = (
			);
			runOnlyForDeploymentPostprocessing = 0;
		};
/* End PBXFrameworksBuildPhase section */

/* Begin PBXGroup section */
		D000873F29FAF37D009C29F8 /* Support */ = {
			isa = PBXGroup;
			children = (
				D0178D3529FA816B00C5ABA6 /* iOS_Mobile_Lesson.xcdatamodeld */,
				D0178D2C29FA816B00C5ABA6 /* AppDelegate.swift */,
				D0178D2E29FA816B00C5ABA6 /* SceneDelegate.swift */,
				D0178D3829FA816F00C5ABA6 /* Assets.xcassets */,
				D000875029FBCFF4009C29F8 /* GoogleService-Info.plist */,
				D000876F2A00114A009C29F8 /* Constants.swift */,
			);
			path = Support;
			sourceTree = "<group>";
		};
		D000874329FAF598009C29F8 /* Extensions */ = {
			isa = PBXGroup;
			children = (
				D000874429FAF5B4009C29F8 /* AuthenticationExt.swift */,
				D000874829FAFF2F009C29F8 /* GeneralExt.swift */,
				D000874C29FBB133009C29F8 /* CompleteSignUpExt.swift */,
				D000875429FC093D009C29F8 /* FeedExt.swift */,
				D000876029FC3BC3009C29F8 /* ProfileExt.swift */,
				D000876429FC52DC009C29F8 /* CurrentDate.swift */,
				D000876D2A0009D6009C29F8 /* SharePhozullExt.swift */,
				D0054D2F2A03C04F00CF331E /* CommentsExt.swift */,
			);
			path = Extensions;
			sourceTree = "<group>";
		};
		D000875A29FC0B91009C29F8 /* Models */ = {
			isa = PBXGroup;
			children = (
				D000875B29FC0CBE009C29F8 /* Phozull.swift */,
				D0054D292A03B29F00CF331E /* MyPersonalData.swift */,
				D0054D312A03C1E400CF331E /* Comment.swift */,
			);
			path = Models;
			sourceTree = "<group>";
		};
		D0178D2029FA816B00C5ABA6 = {
			isa = PBXGroup;
			children = (
				D0178D2B29FA816B00C5ABA6 /* iOS_Mobile_Lesson */,
				D0178D4529FA816F00C5ABA6 /* iOS_Mobile_LessonTests */,
				D0178D4F29FA817000C5ABA6 /* iOS_Mobile_LessonUITests */,
				D0178D2A29FA816B00C5ABA6 /* Products */,
			);
			sourceTree = "<group>";
		};
		D0178D2A29FA816B00C5ABA6 /* Products */ = {
			isa = PBXGroup;
			children = (
				D0178D2929FA816B00C5ABA6 /* iOS_Mobile_Lesson.app */,
				D0178D4229FA816F00C5ABA6 /* iOS_Mobile_LessonTests.xctest */,
				D0178D4C29FA817000C5ABA6 /* iOS_Mobile_LessonUITests.xctest */,
			);
			name = Products;
			sourceTree = "<group>";
		};
		D0178D2B29FA816B00C5ABA6 /* iOS_Mobile_Lesson */ = {
			isa = PBXGroup;
			children = (
				D000875A29FC0B91009C29F8 /* Models */,
				D000874329FAF598009C29F8 /* Extensions */,
				D000873F29FAF37D009C29F8 /* Support */,
				D0178D6129FA81E600C5ABA6 /* Views */,
				D0178D6029FA81D200C5ABA6 /* Controllers */,
				D0178D5F29FA81C800C5ABA6 /* ViewModels */,
				D0178D3D29FA816F00C5ABA6 /* Info.plist */,
			);
			path = iOS_Mobile_Lesson;
			sourceTree = "<group>";
		};
		D0178D4529FA816F00C5ABA6 /* iOS_Mobile_LessonTests */ = {
			isa = PBXGroup;
			children = (
				D0178D4629FA817000C5ABA6 /* iOS_Mobile_LessonTests.swift */,
			);
			path = iOS_Mobile_LessonTests;
			sourceTree = "<group>";
		};
		D0178D4F29FA817000C5ABA6 /* iOS_Mobile_LessonUITests */ = {
			isa = PBXGroup;
			children = (
				D0178D5029FA817000C5ABA6 /* iOS_Mobile_LessonUITests.swift */,
				D0178D5229FA817000C5ABA6 /* iOS_Mobile_LessonUITestsLaunchTests.swift */,
			);
			path = iOS_Mobile_LessonUITests;
			sourceTree = "<group>";
		};
		D0178D5F29FA81C800C5ABA6 /* ViewModels */ = {
			isa = PBXGroup;
			children = (
				D000874129FAF41B009C29F8 /* AuthenticationVM.swift */,
				D000875629FC09C3009C29F8 /* FeedVM.swift */,
				D000876229FC3C39009C29F8 /* ProfileVM.swift */,
				D000876B29FFFE79009C29F8 /* SharePhozullVM.swift */,
				D0054D2D2A03BCBB00CF331E /* CommentsVM.swift */,
			);
			path = ViewModels;
			sourceTree = "<group>";
		};
		D0178D6029FA81D200C5ABA6 /* Controllers */ = {
			isa = PBXGroup;
			children = (
				D0178D3029FA816B00C5ABA6 /* AuthenticationVC.swift */,
				D000874629FAFD24009C29F8 /* CompleteSigningUpVC.swift */,
				D000874E29FBC931009C29F8 /* ProfileVC.swift */,
				D000875229FC08E0009C29F8 /* FeedVC.swift */,
				D000876929FFFE4B009C29F8 /* SharePhozullVC.swift */,
				D0054D2B2A03BC8E00CF331E /* CommentsVC.swift */,
			);
			path = Controllers;
			sourceTree = "<group>";
		};
		D0178D6129FA81E600C5ABA6 /* Views */ = {
			isa = PBXGroup;
			children = (
				D0178D3A29FA816F00C5ABA6 /* LaunchScreen.storyboard */,
				D0178D3229FA816B00C5ABA6 /* Main.storyboard */,
				D000875829FC0B70009C29F8 /* PhozullsTVC.swift */,
				D0054D272A03AA8C00CF331E /* MyPhozullCVC.swift */,
				D0054D332A03C28F00CF331E /* CommentTVC.swift */,
			);
			path = Views;
			sourceTree = "<group>";
		};
/* End PBXGroup section */

/* Begin PBXNativeTarget section */
		D0178D2829FA816B00C5ABA6 /* iOS_Mobile_Lesson */ = {
			isa = PBXNativeTarget;
			buildConfigurationList = D0178D5629FA817000C5ABA6 /* Build configuration list for PBXNativeTarget "iOS_Mobile_Lesson" */;
			buildPhases = (
				D0178D2529FA816B00C5ABA6 /* Sources */,
				D0178D2629FA816B00C5ABA6 /* Frameworks */,
				D0178D2729FA816B00C5ABA6 /* Resources */,
			);
			buildRules = (
			);
			dependencies = (
			);
			name = iOS_Mobile_Lesson;
			packageProductDependencies = (
				D0178D6329FA828000C5ABA6 /* FirebaseAuth */,
				D0178D6529FA828000C5ABA6 /* FirebaseFirestore */,
				D0178D6729FA828000C5ABA6 /* FirebaseStorage */,
				D000875E29FC12ED009C29F8 /* Kingfisher */,
				D000876729FC5656009C29F8 /* CocoaAsyncSocket */,
			);
			productName = iOS_Mobile_Lesson;
			productReference = D0178D2929FA816B00C5ABA6 /* iOS_Mobile_Lesson.app */;
			productType = "com.apple.product-type.application";
		};
		D0178D4129FA816F00C5ABA6 /* iOS_Mobile_LessonTests */ = {
			isa = PBXNativeTarget;
			buildConfigurationList = D0178D5929FA817000C5ABA6 /* Build configuration list for PBXNativeTarget "iOS_Mobile_LessonTests" */;
			buildPhases = (
				D0178D3E29FA816F00C5ABA6 /* Sources */,
				D0178D3F29FA816F00C5ABA6 /* Frameworks */,
				D0178D4029FA816F00C5ABA6 /* Resources */,
			);
			buildRules = (
			);
			dependencies = (
				D0178D4429FA816F00C5ABA6 /* PBXTargetDependency */,
			);
			name = iOS_Mobile_LessonTests;
			productName = iOS_Mobile_LessonTests;
			productReference = D0178D4229FA816F00C5ABA6 /* iOS_Mobile_LessonTests.xctest */;
			productType = "com.apple.product-type.bundle.unit-test";
		};
		D0178D4B29FA817000C5ABA6 /* iOS_Mobile_LessonUITests */ = {
			isa = PBXNativeTarget;
			buildConfigurationList = D0178D5C29FA817000C5ABA6 /* Build configuration list for PBXNativeTarget "iOS_Mobile_LessonUITests" */;
			buildPhases = (
				D0178D4829FA817000C5ABA6 /* Sources */,
				D0178D4929FA817000C5ABA6 /* Frameworks */,
				D0178D4A29FA817000C5ABA6 /* Resources */,
			);
			buildRules = (
			);
			dependencies = (
				D0178D4E29FA817000C5ABA6 /* PBXTargetDependency */,
			);
			name = iOS_Mobile_LessonUITests;
			productName = iOS_Mobile_LessonUITests;
			productReference = D0178D4C29FA817000C5ABA6 /* iOS_Mobile_LessonUITests.xctest */;
			productType = "com.apple.product-type.bundle.ui-testing";
		};
/* End PBXNativeTarget section */

/* Begin PBXProject section */
		D0178D2129FA816B00C5ABA6 /* Project object */ = {
			isa = PBXProject;
			attributes = {
				BuildIndependentTargetsInParallel = 1;
				LastSwiftUpdateCheck = 1420;
				LastUpgradeCheck = 1420;
				TargetAttributes = {
					D0178D2829FA816B00C5ABA6 = {
						CreatedOnToolsVersion = 14.2;
					};
					D0178D4129FA816F00C5ABA6 = {
						CreatedOnToolsVersion = 14.2;
						TestTargetID = D0178D2829FA816B00C5ABA6;
					};
					D0178D4B29FA817000C5ABA6 = {
						CreatedOnToolsVersion = 14.2;
						TestTargetID = D0178D2829FA816B00C5ABA6;
					};
				};
			};
			buildConfigurationList = D0178D2429FA816B00C5ABA6 /* Build configuration list for PBXProject "iOS_Mobile_Lesson" */;
			compatibilityVersion = "Xcode 14.0";
			developmentRegion = en;
			hasScannedForEncodings = 0;
			knownRegions = (
				en,
				Base,
			);
			mainGroup = D0178D2029FA816B00C5ABA6;
			packageReferences = (
				D0178D6229FA828000C5ABA6 /* XCRemoteSwiftPackageReference "firebase-ios-sdk" */,
				D000875D29FC12ED009C29F8 /* XCRemoteSwiftPackageReference "Kingfisher" */,
				D000876629FC5656009C29F8 /* XCRemoteSwiftPackageReference "CocoaAsyncSocket" */,
			);
			productRefGroup = D0178D2A29FA816B00C5ABA6 /* Products */;
			projectDirPath = "";
			projectRoot = "";
			targets = (
				D0178D2829FA816B00C5ABA6 /* iOS_Mobile_Lesson */,
				D0178D4129FA816F00C5ABA6 /* iOS_Mobile_LessonTests */,
				D0178D4B29FA817000C5ABA6 /* iOS_Mobile_LessonUITests */,
			);
		};
/* End PBXProject section */

/* Begin PBXResourcesBuildPhase section */
		D0178D2729FA816B00C5ABA6 /* Resources */ = {
			isa = PBXResourcesBuildPhase;
			buildActionMask = 2147483647;
			files = (
				D0178D3C29FA816F00C5ABA6 /* LaunchScreen.storyboard in Resources */,
				D0178D3929FA816F00C5ABA6 /* Assets.xcassets in Resources */,
				D000875129FBCFF4009C29F8 /* GoogleService-Info.plist in Resources */,
				D0178D3429FA816B00C5ABA6 /* Main.storyboard in Resources */,
			);
			runOnlyForDeploymentPostprocessing = 0;
		};
		D0178D4029FA816F00C5ABA6 /* Resources */ = {
			isa = PBXResourcesBuildPhase;
			buildActionMask = 2147483647;
			files = (
			);
			runOnlyForDeploymentPostprocessing = 0;
		};
		D0178D4A29FA817000C5ABA6 /* Resources */ = {
			isa = PBXResourcesBuildPhase;
			buildActionMask = 2147483647;
			files = (
			);
			runOnlyForDeploymentPostprocessing = 0;
		};
/* End PBXResourcesBuildPhase section */

/* Begin PBXSourcesBuildPhase section */
		D0178D2529FA816B00C5ABA6 /* Sources */ = {
			isa = PBXSourcesBuildPhase;
			buildActionMask = 2147483647;
			files = (
				D000875529FC093D009C29F8 /* FeedExt.swift in Sources */,
				D00087702A00114A009C29F8 /* Constants.swift in Sources */,
				D000874F29FBC931009C29F8 /* ProfileVC.swift in Sources */,
				D0054D322A03C1E400CF331E /* Comment.swift in Sources */,
				D0054D2A2A03B29F00CF331E /* MyPersonalData.swift in Sources */,
				D0178D3129FA816B00C5ABA6 /* AuthenticationVC.swift in Sources */,
				D000876E2A0009D6009C29F8 /* SharePhozullExt.swift in Sources */,
				D000875929FC0B70009C29F8 /* PhozullsTVC.swift in Sources */,
				D000875329FC08E0009C29F8 /* FeedVC.swift in Sources */,
				D000874529FAF5B4009C29F8 /* AuthenticationExt.swift in Sources */,
				D000875729FC09C3009C29F8 /* FeedVM.swift in Sources */,
				D000875C29FC0CBE009C29F8 /* Phozull.swift in Sources */,
				D0054D342A03C28F00CF331E /* CommentTVC.swift in Sources */,
				D000874929FAFF2F009C29F8 /* GeneralExt.swift in Sources */,
				D000874D29FBB133009C29F8 /* CompleteSignUpExt.swift in Sources */,
				D000874729FAFD24009C29F8 /* CompleteSigningUpVC.swift in Sources */,
				D0178D2D29FA816B00C5ABA6 /* AppDelegate.swift in Sources */,
				D0054D282A03AA8C00CF331E /* MyPhozullCVC.swift in Sources */,
				D0178D2F29FA816B00C5ABA6 /* SceneDelegate.swift in Sources */,
				D0054D302A03C04F00CF331E /* CommentsExt.swift in Sources */,
				D000876529FC52DC009C29F8 /* CurrentDate.swift in Sources */,
				D000876A29FFFE4B009C29F8 /* SharePhozullVC.swift in Sources */,
				D0054D2C2A03BC8E00CF331E /* CommentsVC.swift in Sources */,
				D000876129FC3BC3009C29F8 /* ProfileExt.swift in Sources */,
				D0178D3729FA816B00C5ABA6 /* iOS_Mobile_Lesson.xcdatamodeld in Sources */,
				D000874229FAF41B009C29F8 /* AuthenticationVM.swift in Sources */,
				D000876329FC3C39009C29F8 /* ProfileVM.swift in Sources */,
				D0054D2E2A03BCBB00CF331E /* CommentsVM.swift in Sources */,
				D000876C29FFFE79009C29F8 /* SharePhozullVM.swift in Sources */,
			);
			runOnlyForDeploymentPostprocessing = 0;
		};
		D0178D3E29FA816F00C5ABA6 /* Sources */ = {
			isa = PBXSourcesBuildPhase;
			buildActionMask = 2147483647;
			files = (
				D0178D4729FA817000C5ABA6 /* iOS_Mobile_LessonTests.swift in Sources */,
			);
			runOnlyForDeploymentPostprocessing = 0;
		};
		D0178D4829FA817000C5ABA6 /* Sources */ = {
			isa = PBXSourcesBuildPhase;
			buildActionMask = 2147483647;
			files = (
				D0178D5329FA817000C5ABA6 /* iOS_Mobile_LessonUITestsLaunchTests.swift in Sources */,
				D0178D5129FA817000C5ABA6 /* iOS_Mobile_LessonUITests.swift in Sources */,
			);
			runOnlyForDeploymentPostprocessing = 0;
		};
/* End PBXSourcesBuildPhase section */

/* Begin PBXTargetDependency section */
		D0178D4429FA816F00C5ABA6 /* PBXTargetDependency */ = {
			isa = PBXTargetDependency;
			target = D0178D2829FA816B00C5ABA6 /* iOS_Mobile_Lesson */;
			targetProxy = D0178D4329FA816F00C5ABA6 /* PBXContainerItemProxy */;
		};
		D0178D4E29FA817000C5ABA6 /* PBXTargetDependency */ = {
			isa = PBXTargetDependency;
			target = D0178D2829FA816B00C5ABA6 /* iOS_Mobile_Lesson */;
			targetProxy = D0178D4D29FA817000C5ABA6 /* PBXContainerItemProxy */;
		};
/* End PBXTargetDependency section */

/* Begin PBXVariantGroup section */
		D0178D3229FA816B00C5ABA6 /* Main.storyboard */ = {
			isa = PBXVariantGroup;
			children = (
				D0178D3329FA816B00C5ABA6 /* Base */,
			);
			name = Main.storyboard;
			sourceTree = "<group>";
		};
		D0178D3A29FA816F00C5ABA6 /* LaunchScreen.storyboard */ = {
			isa = PBXVariantGroup;
			children = (
				D0178D3B29FA816F00C5ABA6 /* Base */,
			);
			name = LaunchScreen.storyboard;
			sourceTree = "<group>";
		};
/* End PBXVariantGroup section */

/* Begin XCBuildConfiguration section */
		D0178D5429FA817000C5ABA6 /* Debug */ = {
			isa = XCBuildConfiguration;
			buildSettings = {
				ALWAYS_SEARCH_USER_PATHS = NO;
				CLANG_ANALYZER_NONNULL = YES;
				CLANG_ANALYZER_NUMBER_OBJECT_CONVERSION = YES_AGGRESSIVE;
				CLANG_CXX_LANGUAGE_STANDARD = "gnu++20";
				CLANG_ENABLE_MODULES = YES;
				CLANG_ENABLE_OBJC_ARC = YES;
				CLANG_ENABLE_OBJC_WEAK = YES;
				CLANG_WARN_BLOCK_CAPTURE_AUTORELEASING = YES;
				CLANG_WARN_BOOL_CONVERSION = YES;
				CLANG_WARN_COMMA = YES;
				CLANG_WARN_CONSTANT_CONVERSION = YES;
				CLANG_WARN_DEPRECATED_OBJC_IMPLEMENTATIONS = YES;
				CLANG_WARN_DIRECT_OBJC_ISA_USAGE = YES_ERROR;
				CLANG_WARN_DOCUMENTATION_COMMENTS = YES;
				CLANG_WARN_EMPTY_BODY = YES;
				CLANG_WARN_ENUM_CONVERSION = YES;
				CLANG_WARN_INFINITE_RECURSION = YES;
				CLANG_WARN_INT_CONVERSION = YES;
				CLANG_WARN_NON_LITERAL_NULL_CONVERSION = YES;
				CLANG_WARN_OBJC_IMPLICIT_RETAIN_SELF = YES;
				CLANG_WARN_OBJC_LITERAL_CONVERSION = YES;
				CLANG_WARN_OBJC_ROOT_CLASS = YES_ERROR;
				CLANG_WARN_QUOTED_INCLUDE_IN_FRAMEWORK_HEADER = YES;
				CLANG_WARN_RANGE_LOOP_ANALYSIS = YES;
				CLANG_WARN_STRICT_PROTOTYPES = YES;
				CLANG_WARN_SUSPICIOUS_MOVE = YES;
				CLANG_WARN_UNGUARDED_AVAILABILITY = YES_AGGRESSIVE;
				CLANG_WARN_UNREACHABLE_CODE = YES;
				CLANG_WARN__DUPLICATE_METHOD_MATCH = YES;
				COPY_PHASE_STRIP = NO;
				DEBUG_INFORMATION_FORMAT = dwarf;
				ENABLE_STRICT_OBJC_MSGSEND = YES;
				ENABLE_TESTABILITY = YES;
				GCC_C_LANGUAGE_STANDARD = gnu11;
				GCC_DYNAMIC_NO_PIC = NO;
				GCC_NO_COMMON_BLOCKS = YES;
				GCC_OPTIMIZATION_LEVEL = 0;
				GCC_PREPROCESSOR_DEFINITIONS = (
					"DEBUG=1",
					"$(inherited)",
				);
				GCC_WARN_64_TO_32_BIT_CONVERSION = YES;
				GCC_WARN_ABOUT_RETURN_TYPE = YES_ERROR;
				GCC_WARN_UNDECLARED_SELECTOR = YES;
				GCC_WARN_UNINITIALIZED_AUTOS = YES_AGGRESSIVE;
				GCC_WARN_UNUSED_FUNCTION = YES;
				GCC_WARN_UNUSED_VARIABLE = YES;
				IPHONEOS_DEPLOYMENT_TARGET = 16.2;
				MTL_ENABLE_DEBUG_INFO = INCLUDE_SOURCE;
				MTL_FAST_MATH = YES;
				ONLY_ACTIVE_ARCH = YES;
				SDKROOT = iphoneos;
				SWIFT_ACTIVE_COMPILATION_CONDITIONS = DEBUG;
				SWIFT_OPTIMIZATION_LEVEL = "-Onone";
			};
			name = Debug;
		};
		D0178D5529FA817000C5ABA6 /* Release */ = {
			isa = XCBuildConfiguration;
			buildSettings = {
				ALWAYS_SEARCH_USER_PATHS = NO;
				CLANG_ANALYZER_NONNULL = YES;
				CLANG_ANALYZER_NUMBER_OBJECT_CONVERSION = YES_AGGRESSIVE;
				CLANG_CXX_LANGUAGE_STANDARD = "gnu++20";
				CLANG_ENABLE_MODULES = YES;
				CLANG_ENABLE_OBJC_ARC = YES;
				CLANG_ENABLE_OBJC_WEAK = YES;
				CLANG_WARN_BLOCK_CAPTURE_AUTORELEASING = YES;
				CLANG_WARN_BOOL_CONVERSION = YES;
				CLANG_WARN_COMMA = YES;
				CLANG_WARN_CONSTANT_CONVERSION = YES;
				CLANG_WARN_DEPRECATED_OBJC_IMPLEMENTATIONS = YES;
				CLANG_WARN_DIRECT_OBJC_ISA_USAGE = YES_ERROR;
				CLANG_WARN_DOCUMENTATION_COMMENTS = YES;
				CLANG_WARN_EMPTY_BODY = YES;
				CLANG_WARN_ENUM_CONVERSION = YES;
				CLANG_WARN_INFINITE_RECURSION = YES;
				CLANG_WARN_INT_CONVERSION = YES;
				CLANG_WARN_NON_LITERAL_NULL_CONVERSION = YES;
				CLANG_WARN_OBJC_IMPLICIT_RETAIN_SELF = YES;
				CLANG_WARN_OBJC_LITERAL_CONVERSION = YES;
				CLANG_WARN_OBJC_ROOT_CLASS = YES_ERROR;
				CLANG_WARN_QUOTED_INCLUDE_IN_FRAMEWORK_HEADER = YES;
				CLANG_WARN_RANGE_LOOP_ANALYSIS = YES;
				CLANG_WARN_STRICT_PROTOTYPES = YES;
				CLANG_WARN_SUSPICIOUS_MOVE = YES;
				CLANG_WARN_UNGUARDED_AVAILABILITY = YES_AGGRESSIVE;
				CLANG_WARN_UNREACHABLE_CODE = YES;
				CLANG_WARN__DUPLICATE_METHOD_MATCH = YES;
				COPY_PHASE_STRIP = NO;
				DEBUG_INFORMATION_FORMAT = "dwarf-with-dsym";
				ENABLE_NS_ASSERTIONS = NO;
				ENABLE_STRICT_OBJC_MSGSEND = YES;
				GCC_C_LANGUAGE_STANDARD = gnu11;
				GCC_NO_COMMON_BLOCKS = YES;
				GCC_WARN_64_TO_32_BIT_CONVERSION = YES;
				GCC_WARN_ABOUT_RETURN_TYPE = YES_ERROR;
				GCC_WARN_UNDECLARED_SELECTOR = YES;
				GCC_WARN_UNINITIALIZED_AUTOS = YES_AGGRESSIVE;
				GCC_WARN_UNUSED_FUNCTION = YES;
				GCC_WARN_UNUSED_VARIABLE = YES;
				IPHONEOS_DEPLOYMENT_TARGET = 16.2;
				MTL_ENABLE_DEBUG_INFO = NO;
				MTL_FAST_MATH = YES;
				SDKROOT = iphoneos;
				SWIFT_COMPILATION_MODE = wholemodule;
				SWIFT_OPTIMIZATION_LEVEL = "-O";
				VALIDATE_PRODUCT = YES;
			};
			name = Release;
		};
		D0178D5729FA817000C5ABA6 /* Debug */ = {
			isa = XCBuildConfiguration;
			buildSettings = {
				ASSETCATALOG_COMPILER_APPICON_NAME = AppIcon;
				ASSETCATALOG_COMPILER_GLOBAL_ACCENT_COLOR_NAME = AccentColor;
				CODE_SIGN_STYLE = Automatic;
				CURRENT_PROJECT_VERSION = 1;
				DEVELOPMENT_TEAM = 56K423922J;
				GENERATE_INFOPLIST_FILE = YES;
				INFOPLIST_FILE = iOS_Mobile_Lesson/Info.plist;
				INFOPLIST_KEY_UIApplicationSupportsIndirectInputEvents = YES;
				INFOPLIST_KEY_UILaunchStoryboardName = LaunchScreen;
				INFOPLIST_KEY_UIMainStoryboardFile = Main;
				INFOPLIST_KEY_UISupportedInterfaceOrientations_iPad = "UIInterfaceOrientationPortrait UIInterfaceOrientationPortraitUpsideDown UIInterfaceOrientationLandscapeLeft UIInterfaceOrientationLandscapeRight";
				INFOPLIST_KEY_UISupportedInterfaceOrientations_iPhone = "UIInterfaceOrientationPortrait UIInterfaceOrientationLandscapeLeft UIInterfaceOrientationLandscapeRight";
				IPHONEOS_DEPLOYMENT_TARGET = 13.0;
				LD_RUNPATH_SEARCH_PATHS = (
					"$(inherited)",
					"@executable_path/Frameworks",
				);
				MARKETING_VERSION = 1.0;
				PRODUCT_BUNDLE_IDENTIFIER = com.akmobilesoftware.Phozull;
				PRODUCT_NAME = "$(TARGET_NAME)";
				SWIFT_EMIT_LOC_STRINGS = YES;
				SWIFT_VERSION = 5.0;
				TARGETED_DEVICE_FAMILY = "1,2";
			};
			name = Debug;
		};
		D0178D5829FA817000C5ABA6 /* Release */ = {
			isa = XCBuildConfiguration;
			buildSettings = {
				ASSETCATALOG_COMPILER_APPICON_NAME = AppIcon;
				ASSETCATALOG_COMPILER_GLOBAL_ACCENT_COLOR_NAME = AccentColor;
				CODE_SIGN_STYLE = Automatic;
				CURRENT_PROJECT_VERSION = 1;
				DEVELOPMENT_TEAM = 56K423922J;
				GENERATE_INFOPLIST_FILE = YES;
				INFOPLIST_FILE = iOS_Mobile_Lesson/Info.plist;
				INFOPLIST_KEY_UIApplicationSupportsIndirectInputEvents = YES;
				INFOPLIST_KEY_UILaunchStoryboardName = LaunchScreen;
				INFOPLIST_KEY_UIMainStoryboardFile = Main;
				INFOPLIST_KEY_UISupportedInterfaceOrientations_iPad = "UIInterfaceOrientationPortrait UIInterfaceOrientationPortraitUpsideDown UIInterfaceOrientationLandscapeLeft UIInterfaceOrientationLandscapeRight";
				INFOPLIST_KEY_UISupportedInterfaceOrientations_iPhone = "UIInterfaceOrientationPortrait UIInterfaceOrientationLandscapeLeft UIInterfaceOrientationLandscapeRight";
				IPHONEOS_DEPLOYMENT_TARGET = 13.0;
				LD_RUNPATH_SEARCH_PATHS = (
					"$(inherited)",
					"@executable_path/Frameworks",
				);
				MARKETING_VERSION = 1.0;
				PRODUCT_BUNDLE_IDENTIFIER = com.akmobilesoftware.Phozull;
				PRODUCT_NAME = "$(TARGET_NAME)";
				SWIFT_EMIT_LOC_STRINGS = YES;
				SWIFT_VERSION = 5.0;
				TARGETED_DEVICE_FAMILY = "1,2";
			};
			name = Release;
		};
		D0178D5A29FA817000C5ABA6 /* Debug */ = {
			isa = XCBuildConfiguration;
			buildSettings = {
				ALWAYS_EMBED_SWIFT_STANDARD_LIBRARIES = YES;
				BUNDLE_LOADER = "$(TEST_HOST)";
				CODE_SIGN_STYLE = Automatic;
				CURRENT_PROJECT_VERSION = 1;
				DEVELOPMENT_TEAM = 56K423922J;
				GENERATE_INFOPLIST_FILE = YES;
				IPHONEOS_DEPLOYMENT_TARGET = 16.2;
				MARKETING_VERSION = 1.0;
				PRODUCT_BUNDLE_IDENTIFIER = "com.akmobile.app.iOS-Mobile-LessonTests";
				PRODUCT_NAME = "$(TARGET_NAME)";
				SWIFT_EMIT_LOC_STRINGS = NO;
				SWIFT_VERSION = 5.0;
				TARGETED_DEVICE_FAMILY = "1,2";
				TEST_HOST = "$(BUILT_PRODUCTS_DIR)/iOS_Mobile_Lesson.app/$(BUNDLE_EXECUTABLE_FOLDER_PATH)/iOS_Mobile_Lesson";
			};
			name = Debug;
		};
		D0178D5B29FA817000C5ABA6 /* Release */ = {
			isa = XCBuildConfiguration;
			buildSettings = {
				ALWAYS_EMBED_SWIFT_STANDARD_LIBRARIES = YES;
				BUNDLE_LOADER = "$(TEST_HOST)";
				CODE_SIGN_STYLE = Automatic;
				CURRENT_PROJECT_VERSION = 1;
				DEVELOPMENT_TEAM = 56K423922J;
				GENERATE_INFOPLIST_FILE = YES;
				IPHONEOS_DEPLOYMENT_TARGET = 16.2;
				MARKETING_VERSION = 1.0;
				PRODUCT_BUNDLE_IDENTIFIER = "com.akmobile.app.iOS-Mobile-LessonTests";
				PRODUCT_NAME = "$(TARGET_NAME)";
				SWIFT_EMIT_LOC_STRINGS = NO;
				SWIFT_VERSION = 5.0;
				TARGETED_DEVICE_FAMILY = "1,2";
				TEST_HOST = "$(BUILT_PRODUCTS_DIR)/iOS_Mobile_Lesson.app/$(BUNDLE_EXECUTABLE_FOLDER_PATH)/iOS_Mobile_Lesson";
			};
			name = Release;
		};
		D0178D5D29FA817000C5ABA6 /* Debug */ = {
			isa = XCBuildConfiguration;
			buildSettings = {
				ALWAYS_EMBED_SWIFT_STANDARD_LIBRARIES = YES;
				CODE_SIGN_STYLE = Automatic;
				CURRENT_PROJECT_VERSION = 1;
				DEVELOPMENT_TEAM = 56K423922J;
				GENERATE_INFOPLIST_FILE = YES;
				MARKETING_VERSION = 1.0;
				PRODUCT_BUNDLE_IDENTIFIER = "com.akmobile.app.iOS-Mobile-LessonUITests";
				PRODUCT_NAME = "$(TARGET_NAME)";
				SWIFT_EMIT_LOC_STRINGS = NO;
				SWIFT_VERSION = 5.0;
				TARGETED_DEVICE_FAMILY = "1,2";
				TEST_TARGET_NAME = iOS_Mobile_Lesson;
			};
			name = Debug;
		};
		D0178D5E29FA817000C5ABA6 /* Release */ = {
			isa = XCBuildConfiguration;
			buildSettings = {
				ALWAYS_EMBED_SWIFT_STANDARD_LIBRARIES = YES;
				CODE_SIGN_STYLE = Automatic;
				CURRENT_PROJECT_VERSION = 1;
				DEVELOPMENT_TEAM = 56K423922J;
				GENERATE_INFOPLIST_FILE = YES;
				MARKETING_VERSION = 1.0;
				PRODUCT_BUNDLE_IDENTIFIER = "com.akmobile.app.iOS-Mobile-LessonUITests";
				PRODUCT_NAME = "$(TARGET_NAME)";
				SWIFT_EMIT_LOC_STRINGS = NO;
				SWIFT_VERSION = 5.0;
				TARGETED_DEVICE_FAMILY = "1,2";
				TEST_TARGET_NAME = iOS_Mobile_Lesson;
			};
			name = Release;
		};
/* End XCBuildConfiguration section */

/* Begin XCConfigurationList section */
		D0178D2429FA816B00C5ABA6 /* Build configuration list for PBXProject "iOS_Mobile_Lesson" */ = {
			isa = XCConfigurationList;
			buildConfigurations = (
				D0178D5429FA817000C5ABA6 /* Debug */,
				D0178D5529FA817000C5ABA6 /* Release */,
			);
			defaultConfigurationIsVisible = 0;
			defaultConfigurationName = Release;
		};
		D0178D5629FA817000C5ABA6 /* Build configuration list for PBXNativeTarget "iOS_Mobile_Lesson" */ = {
			isa = XCConfigurationList;
			buildConfigurations = (
				D0178D5729FA817000C5ABA6 /* Debug */,
				D0178D5829FA817000C5ABA6 /* Release */,
			);
			defaultConfigurationIsVisible = 0;
			defaultConfigurationName = Release;
		};
		D0178D5929FA817000C5ABA6 /* Build configuration list for PBXNativeTarget "iOS_Mobile_LessonTests" */ = {
			isa = XCConfigurationList;
			buildConfigurations = (
				D0178D5A29FA817000C5ABA6 /* Debug */,
				D0178D5B29FA817000C5ABA6 /* Release */,
			);
			defaultConfigurationIsVisible = 0;
			defaultConfigurationName = Release;
		};
		D0178D5C29FA817000C5ABA6 /* Build configuration list for PBXNativeTarget "iOS_Mobile_LessonUITests" */ = {
			isa = XCConfigurationList;
			buildConfigurations = (
				D0178D5D29FA817000C5ABA6 /* Debug */,
				D0178D5E29FA817000C5ABA6 /* Release */,
			);
			defaultConfigurationIsVisible = 0;
			defaultConfigurationName = Release;
		};
/* End XCConfigurationList section */

/* Begin XCRemoteSwiftPackageReference section */
		D000875D29FC12ED009C29F8 /* XCRemoteSwiftPackageReference "Kingfisher" */ = {
			isa = XCRemoteSwiftPackageReference;
			repositoryURL = "https://github.com/onevcat/Kingfisher";
			requirement = {
				kind = upToNextMajorVersion;
				minimumVersion = 7.0.0;
			};
		};
		D000876629FC5656009C29F8 /* XCRemoteSwiftPackageReference "CocoaAsyncSocket" */ = {
			isa = XCRemoteSwiftPackageReference;
			repositoryURL = "https://github.com/robbiehanson/CocoaAsyncSocket";
			requirement = {
				kind = upToNextMajorVersion;
				minimumVersion = 7.0.0;
			};
		};
		D0178D6229FA828000C5ABA6 /* XCRemoteSwiftPackageReference "firebase-ios-sdk" */ = {
			isa = XCRemoteSwiftPackageReference;
			repositoryURL = "https://github.com/firebase/firebase-ios-sdk";
			requirement = {
				branch = master;
				kind = branch;
			};
		};
/* End XCRemoteSwiftPackageReference section */

/* Begin XCSwiftPackageProductDependency section */
		D000875E29FC12ED009C29F8 /* Kingfisher */ = {
			isa = XCSwiftPackageProductDependency;
			package = D000875D29FC12ED009C29F8 /* XCRemoteSwiftPackageReference "Kingfisher" */;
			productName = Kingfisher;
		};
		D000876729FC5656009C29F8 /* CocoaAsyncSocket */ = {
			isa = XCSwiftPackageProductDependency;
			package = D000876629FC5656009C29F8 /* XCRemoteSwiftPackageReference "CocoaAsyncSocket" */;
			productName = CocoaAsyncSocket;
		};
		D0178D6329FA828000C5ABA6 /* FirebaseAuth */ = {
			isa = XCSwiftPackageProductDependency;
			package = D0178D6229FA828000C5ABA6 /* XCRemoteSwiftPackageReference "firebase-ios-sdk" */;
			productName = FirebaseAuth;
		};
		D0178D6529FA828000C5ABA6 /* FirebaseFirestore */ = {
			isa = XCSwiftPackageProductDependency;
			package = D0178D6229FA828000C5ABA6 /* XCRemoteSwiftPackageReference "firebase-ios-sdk" */;
			productName = FirebaseFirestore;
		};
		D0178D6729FA828000C5ABA6 /* FirebaseStorage */ = {
			isa = XCSwiftPackageProductDependency;
			package = D0178D6229FA828000C5ABA6 /* XCRemoteSwiftPackageReference "firebase-ios-sdk" */;
			productName = FirebaseStorage;
		};
/* End XCSwiftPackageProductDependency section */

/* Begin XCVersionGroup section */
		D0178D3529FA816B00C5ABA6 /* iOS_Mobile_Lesson.xcdatamodeld */ = {
			isa = XCVersionGroup;
			children = (
				D0178D3629FA816B00C5ABA6 /* iOS_Mobile_Lesson.xcdatamodel */,
			);
			currentVersion = D0178D3629FA816B00C5ABA6 /* iOS_Mobile_Lesson.xcdatamodel */;
			path = iOS_Mobile_Lesson.xcdatamodeld;
			sourceTree = "<group>";
			versionGroupType = wrapper.xcdatamodel;
		};
/* End XCVersionGroup section */
	};
	rootObject = D0178D2129FA816B00C5ABA6 /* Project object */;
}
